<?xml version="1.0" encoding="utf-8"?>
<Project ToolsVersion="14.0" xmlns="http://schemas.microsoft.com/developer/msbuild/2003">
  <ItemGroup>
    <Filter Include="Assets">
      <UniqueIdentifier>{8dfcfb8c-5775-4fcd-989c-0b972754ac21}</UniqueIdentifier>
    </Filter>
    <Filter Include="Common">
      <UniqueIdentifier>{58a10b8a-53b2-410c-9df5-e9b53a9ee677}</UniqueIdentifier>
    </Filter>
    <Filter Include="Utilities">
      <UniqueIdentifier>{11fb778f-07aa-48fd-93f1-581ffe6fae7b}</UniqueIdentifier>
    </Filter>
  </ItemGroup>
  <ItemGroup>
    <ClInclude Include="Game.h" />
    <ClInclude Include="pch.h" />
    <ClInclude Include="StepTimer.h">
      <Filter>Common</Filter>
    </ClInclude>
    <ClInclude Include="DeviceResourcesXDK.h">
      <Filter>Common</Filter>
    </ClInclude>
    <ClInclude Include="ArcBall.h">
      <Filter>Utilities</Filter>
    </ClInclude>
    <ClInclude Include="RenderTexture.h">
      <Filter>Utilities</Filter>
    </ClInclude>
    <ClInclude Include="ReadData.h">
      <Filter>Utilities</Filter>
    </ClInclude>
  </ItemGroup>
  <ItemGroup>
    <ClCompile Include="Game.cpp" />
    <ClCompile Include="Main.cpp" />
    <ClCompile Include="pch.cpp" />
    <ClCompile Include="DeviceResourcesXDK.cpp">
      <Filter>Common</Filter>
    </ClCompile>
    <ClCompile Include="RenderTexture.cpp">
      <Filter>Utilities</Filter>
    </ClCompile>
  </ItemGroup>
  <ItemGroup>
    <AppxManifest Include="Package.appxmanifest" />
  </ItemGroup>
  <ItemGroup>
    <Image Include="Logo.png">
      <Filter>Assets</Filter>
    </Image>
    <Image Include="SmallLogo.png">
      <Filter>Assets</Filter>
    </Image>
    <Image Include="SplashScreen.png">
      <Filter>Assets</Filter>
    </Image>
    <Image Include="StoreLogo.png">
      <Filter>Assets</Filter>
    </Image>
    <Image Include="Atrium_diffuseIBL.dds">
      <Filter>Assets</Filter>
    </Image>
    <Image Include="Atrium_specularIBL.dds">
      <Filter>Assets</Filter>
    </Image>
    <Image Include="Garage_diffuseIBL.dds">
      <Filter>Assets</Filter>
    </Image>
    <Image Include="Garage_specularIBL.dds">
      <Filter>Assets</Filter>
    </Image>
    <Image Include="SunSubMixer_diffuseIBL.dds">
      <Filter>Assets</Filter>
    </Image>
    <Image Include="SunSubMixer_specularIBL.dds">
      <Filter>Assets</Filter>
    </Image>
    <Image Include="default.dds">
      <Filter>Assets</Filter>
    </Image>
    <Image Include="smoothMap.dds">
      <Filter>Assets</Filter>
    </Image>
  </ItemGroup>
  <ItemGroup>
    <None Include="comic.spritefont">
      <Filter>Assets</Filter>
    </None>
    <None Include="consolas.spritefont">
      <Filter>Assets</Filter>
    </None>
    <None Include="consolas4k.spritefont">
      <Filter>Assets</Filter>
    </None>
    <None Include="comic4k.spritefont">
      <Filter>Assets</Filter>
    </None>
  </ItemGroup>
</Project>